# This file is automatically @generated by Cargo.
# It is not intended for manual editing.
version = 3

[[package]]
name = "delegate-attr"
version = "0.2.9"
source = "registry+https://github.com/rust-lang/crates.io-index"
checksum = "ee7e7ea0dba407429d816e8e38dda1a467cd74737722f2ccc8eae60429a1a3ab"
dependencies = [
 "proc-macro2",
 "quote",
 "syn",
]

[[package]]
name = "j-pls"
version = "0.1.0"
dependencies = [
 "owned_chars",
]

[[package]]
name = "owned_chars"
version = "0.3.2"
source = "registry+https://github.com/rust-lang/crates.io-index"
checksum = "09dbaf3100ac7057d6d4e885bb1cd85716f95b5690ac443b31fbf5aac206dc3b"
dependencies = [
 "delegate-attr",
]

[[package]]
name = "proc-macro2"
version = "1.0.71"
source = "registry+https://github.com/rust-lang/crates.io-index"
checksum = "75cb1540fadbd5b8fbccc4dddad2734eba435053f725621c070711a14bb5f4b8"
dependencies = [
 "unicode-ident",
]

[[package]]
name = "quote"
version = "1.0.33"
source = "registry+https://github.com/rust-lang/crates.io-index"
checksum = "5267fca4496028628a95160fc423a33e8b2e6af8a5302579e322e4b520293cae"
dependencies = [
 "proc-macro2",
]

[[package]]
name = "syn"
version = "1.0.109"
source = "registry+https://github.com/rust-lang/crates.io-index"
checksum = "72b64191b275b66ffe2469e8af2c1cfe3bafa67b529ead792a6d0160888b4237"
dependencies = [
 "proc-macro2",
 "quote",
 "unicode-ident",
]

[[package]]
name = "unicode-ident"
version = "1.0.12"
source = "registry+https://github.com/rust-lang/crates.io-index"
checksum = "3354b9ac3fae1ff6755cb6db53683adb661634f67557942dea4facebec0fee4b"
